
Microsoft Visual Studio Solution File, Format Version 12.00
# Visual Studio Version 17
VisualStudioVersion = 17.14.36109.1 d17.14
MinimumVisualStudioVersion = 10.0.40219.1
Project("{FAE04EC0-301F-11D3-BF4B-00C04F79EFBC}") = "DemoMVC", "DemoMVC.csproj", "{46EA5BD1-FDB4-4084-B342-32C2A112AB42}"
EndProject
Global
	GlobalSection(SolutionConfigurationPlatforms) = preSolution
		Debug|Any CPU = Debug|Any CPU
		Release|Any CPU = Release|Any CPU
	EndGlobalSection
	GlobalSection(ProjectConfigurationPlatforms) = postSolution
		{46EA5BD1-FDB4-4084-B342-32C2A112AB42}.Debug|Any CPU.ActiveCfg = Debug|Any CPU
		{46EA5BD1-FDB4-4084-B342-32C2A112AB42}.Debug|Any CPU.Build.0 = Debug|Any CPU
		{46EA5BD1-FDB4-4084-B342-32C2A112AB42}.Release|Any CPU.ActiveCfg = Release|Any CPU
		{46EA5BD1-FDB4-4084-B342-32C2A112AB42}.Release|Any CPU.Build.0 = Release|Any CPU
	EndGlobalSection
	GlobalSection(SolutionProperties) = preSolution
		HideSolutionNode = FALSE
	EndGlobalSection
	GlobalSection(ExtensibilityGlobals) = postSolution
		SolutionGuid = {E3B27D47-F699-4733-90ED-4761A2D139B1}
	EndGlobalSection
EndGlobal
